// !$*UTF8*$!
{
	archiveVersion = 1;
	classes = {
	};
	objectVersion = 77;
	objects = {

/* Begin PBXBuildFile section */
		1E00C37A2EE63771008542E9 /* KeyboardShortcuts in Frameworks */ = {isa = PBXBuildFile; productRef = 1E00C3792EE63771008542E9 /* KeyboardShortcuts */; };
		1E00C37D2EE6379E008542E9 /* LaunchAtLogin in Frameworks */ = {isa = PBXBuildFile; productRef = 1E00C37C2EE6379E008542E9 /* LaunchAtLogin */; };
		1E00C3822EE658A4008542E9 /* DockProgress in Frameworks */ = {isa = PBXBuildFile; productRef = 1E00C3812EE658A4008542E9 /* DockProgress */; };
/* End PBXBuildFile section */

/* Begin PBXContainerItemProxy section */
		1E00C3462EE633D2008542E9 /* PBXContainerItemProxy */ = {
			isa = PBXContainerItemProxy;
			containerPortal = 1E00C32F2EE633D0008542E9 /* Project object */;
			proxyType = 1;
			remoteGlobalIDString = 1E00C3362EE633D0008542E9;
			remoteInfo = "Clip Paste";
		};
		1E00C3502EE633D2008542E9 /* PBXContainerItemProxy */ = {
			isa = PBXContainerItemProxy;
			containerPortal = 1E00C32F2EE633D0008542E9 /* Project object */;
			proxyType = 1;
			remoteGlobalIDString = 1E00C3362EE633D0008542E9;
			remoteInfo = "Clip Paste";
		};
/* End PBXContainerItemProxy section */

/* Begin PBXFileReference section */
		1E00C3372EE633D0008542E9 /* Clip Paste.app */ = {isa = PBXFileReference; explicitFileType = wrapper.application; includeInIndex = 0; path = "Clip Paste.app"; sourceTree = BUILT_PRODUCTS_DIR; };
		1E00C3452EE633D2008542E9 /* Clip PasteTests.xctest */ = {isa = PBXFileReference; explicitFileType = wrapper.cfbundle; includeInIndex = 0; path = "Clip PasteTests.xctest"; sourceTree = BUILT_PRODUCTS_DIR; };
		1E00C34F2EE633D2008542E9 /* Clip PasteUITests.xctest */ = {isa = PBXFileReference; explicitFileType = wrapper.cfbundle; includeInIndex = 0; path = "Clip PasteUITests.xctest"; sourceTree = BUILT_PRODUCTS_DIR; };
/* End PBXFileReference section */

/* Begin PBXFileSystemSynchronizedRootGroup section */
		1E00C3392EE633D0008542E9 /* Clip Paste */ = {
			isa = PBXFileSystemSynchronizedRootGroup;
			path = "Clip Paste";
			sourceTree = "<group>";
		};
		1E00C3482EE633D2008542E9 /* Clip PasteTests */ = {
			isa = PBXFileSystemSynchronizedRootGroup;
			path = "Clip PasteTests";
			sourceTree = "<group>";
		};
		1E00C3522EE633D2008542E9 /* Clip PasteUITests */ = {
			isa = PBXFileSystemSynchronizedRootGroup;
			path = "Clip PasteUITests";
			sourceTree = "<group>";
		};
/* End PBXFileSystemSynchronizedRootGroup section */

/* Begin PBXFrameworksBuildPhase section */
		1E00C3342EE633D0008542E9 /* Frameworks */ = {
			isa = PBXFrameworksBuildPhase;
			buildActionMask = 2147483647;
			files = (
				1E00C37D2EE6379E008542E9 /* LaunchAtLogin in Frameworks */,
				1E00C37A2EE63771008542E9 /* KeyboardShortcuts in Frameworks */,
				1E00C3822EE658A4008542E9 /* DockProgress in Frameworks */,
			);
			runOnlyForDeploymentPostprocessing = 0;
		};
		1E00C3422EE633D2008542E9 /* Frameworks */ = {
			isa = PBXFrameworksBuildPhase;
			buildActionMask = 2147483647;
			files = (
			);
			runOnlyForDeploymentPostprocessing = 0;
		};
		1E00C34C2EE633D2008542E9 /* Frameworks */ = {
			isa = PBXFrameworksBuildPhase;
			buildActionMask = 2147483647;
			files = (
			);
			runOnlyForDeploymentPostprocessing = 0;
		};
/* End PBXFrameworksBuildPhase section */

/* Begin PBXGroup section */
		1E00C32E2EE633D0008542E9 = {
			isa = PBXGroup;
			children = (
				1E00C3392EE633D0008542E9 /* Clip Paste */,
				1E00C3482EE633D2008542E9 /* Clip PasteTests */,
				1E00C3522EE633D2008542E9 /* Clip PasteUITests */,
				1E00C3382EE633D0008542E9 /* Products */,
			);
			sourceTree = "<group>";
		};
		1E00C3382EE633D0008542E9 /* Products */ = {
			isa = PBXGroup;
			children = (
				1E00C3372EE633D0008542E9 /* Clip Paste.app */,
				1E00C3452EE633D2008542E9 /* Clip PasteTests.xctest */,
				1E00C34F2EE633D2008542E9 /* Clip PasteUITests.xctest */,
			);
			name = Products;
			sourceTree = "<group>";
		};
/* End PBXGroup section */

/* Begin PBXNativeTarget section */
		1E00C3362EE633D0008542E9 /* Clip Paste */ = {
			isa = PBXNativeTarget;
			buildConfigurationList = 1E00C3592EE633D2008542E9 /* Build configuration list for PBXNativeTarget "Clip Paste" */;
			buildPhases = (
				1E00C3332EE633D0008542E9 /* Sources */,
				1E00C3342EE633D0008542E9 /* Frameworks */,
				1E00C3352EE633D0008542E9 /* Resources */,
			);
			buildRules = (
			);
			dependencies = (
			);
			fileSystemSynchronizedGroups = (
				1E00C3392EE633D0008542E9 /* Clip Paste */,
			);
			name = "Clip Paste";
			packageProductDependencies = (
				1E00C3792EE63771008542E9 /* KeyboardShortcuts */,
				1E00C37C2EE6379E008542E9 /* LaunchAtLogin */,
				1E00C3812EE658A4008542E9 /* DockProgress */,
			);
			productName = "Clip Paste";
			productReference = 1E00C3372EE633D0008542E9 /* Clip Paste.app */;
			productType = "com.apple.product-type.application";
		};
		1E00C3442EE633D2008542E9 /* Clip PasteTests */ = {
			isa = PBXNativeTarget;
			buildConfigurationList = 1E00C35C2EE633D2008542E9 /* Build configuration list for PBXNativeTarget "Clip PasteTests" */;
			buildPhases = (
				1E00C3412EE633D2008542E9 /* Sources */,
				1E00C3422EE633D2008542E9 /* Frameworks */,
				1E00C3432EE633D2008542E9 /* Resources */,
			);
			buildRules = (
			);
			dependencies = (
				1E00C3472EE633D2008542E9 /* PBXTargetDependency */,
			);
			fileSystemSynchronizedGroups = (
				1E00C3482EE633D2008542E9 /* Clip PasteTests */,
			);
			name = "Clip PasteTests";
			packageProductDependencies = (
			);
			productName = "Clip PasteTests";
			productReference = 1E00C3452EE633D2008542E9 /* Clip PasteTests.xctest */;
			productType = "com.apple.product-type.bundle.unit-test";
		};
		1E00C34E2EE633D2008542E9 /* Clip PasteUITests */ = {
			isa = PBXNativeTarget;
			buildConfigurationList = 1E00C35F2EE633D2008542E9 /* Build configuration list for PBXNativeTarget "Clip PasteUITests" */;
			buildPhases = (
				1E00C34B2EE633D2008542E9 /* Sources */,
				1E00C34C2EE633D2008542E9 /* Frameworks */,
				1E00C34D2EE633D2008542E9 /* Resources */,
			);
			buildRules = (
			);
			dependencies = (
				1E00C3512EE633D2008542E9 /* PBXTargetDependency */,
			);
			fileSystemSynchronizedGroups = (
				1E00C3522EE633D2008542E9 /* Clip PasteUITests */,
			);
			name = "Clip PasteUITests";
			packageProductDependencies = (
			);
			productName = "Clip PasteUITests";
			productReference = 1E00C34F2EE633D2008542E9 /* Clip PasteUITests.xctest */;
			productType = "com.apple.product-type.bundle.ui-testing";
		};
/* End PBXNativeTarget section */

/* Begin PBXProject section */
		1E00C32F2EE633D0008542E9 /* Project object */ = {
			isa = PBXProject;
			attributes = {
				BuildIndependentTargetsInParallel = 1;
				LastSwiftUpdateCheck = 1640;
				LastUpgradeCheck = 1640;
				TargetAttributes = {
					1E00C3362EE633D0008542E9 = {
						CreatedOnToolsVersion = 16.4;
					};
					1E00C3442EE633D2008542E9 = {
						CreatedOnToolsVersion = 16.4;
						TestTargetID = 1E00C3362EE633D0008542E9;
					};
					1E00C34E2EE633D2008542E9 = {
						CreatedOnToolsVersion = 16.4;
						TestTargetID = 1E00C3362EE633D0008542E9;
					};
				};
			};
			buildConfigurationList = 1E00C3322EE633D0008542E9 /* Build configuration list for PBXProject "Clip Paste" */;
			developmentRegion = en;
			hasScannedForEncodings = 0;
			knownRegions = (
				en,
				Base,
			);
			mainGroup = 1E00C32E2EE633D0008542E9;
			minimizedProjectReferenceProxies = 1;
			packageReferences = (
				1E00C3782EE63771008542E9 /* XCRemoteSwiftPackageReference "KeyboardShortcuts" */,
				1E00C37B2EE6379E008542E9 /* XCRemoteSwiftPackageReference "LaunchAtLogin" */,
				1E00C3802EE658A4008542E9 /* XCRemoteSwiftPackageReference "DockProgress" */,
			);
			preferredProjectObjectVersion = 77;
			productRefGroup = 1E00C3382EE633D0008542E9 /* Products */;
			projectDirPath = "";
			projectRoot = "";
			targets = (
				1E00C3362EE633D0008542E9 /* Clip Paste */,
				1E00C3442EE633D2008542E9 /* Clip PasteTests */,
				1E00C34E2EE633D2008542E9 /* Clip PasteUITests */,
			);
		};
/* End PBXProject section */

/* Begin PBXResourcesBuildPhase section */
		1E00C3352EE633D0008542E9 /* Resources */ = {
			isa = PBXResourcesBuildPhase;
			buildActionMask = 2147483647;
			files = (
			);
			runOnlyForDeploymentPostprocessing = 0;
		};
		1E00C3432EE633D2008542E9 /* Resources */ = {
			isa = PBXResourcesBuildPhase;
			buildActionMask = 2147483647;
			files = (
			);
			runOnlyForDeploymentPostprocessing = 0;
		};
		1E00C34D2EE633D2008542E9 /* Resources */ = {
			isa = PBXResourcesBuildPhase;
			buildActionMask = 2147483647;
			files = (
			);
			runOnlyForDeploymentPostprocessing = 0;
		};
/* End PBXResourcesBuildPhase section */

/* Begin PBXSourcesBuildPhase section */
		1E00C3332EE633D0008542E9 /* Sources */ = {
			isa = PBXSourcesBuildPhase;
			buildActionMask = 2147483647;
			files = (
			);
			runOnlyForDeploymentPostprocessing = 0;
		};
		1E00C3412EE633D2008542E9 /* Sources */ = {
			isa = PBXSourcesBuildPhase;
			buildActionMask = 2147483647;
			files = (
			);
			runOnlyForDeploymentPostprocessing = 0;
		};
		1E00C34B2EE633D2008542E9 /* Sources */ = {
			isa = PBXSourcesBuildPhase;
			buildActionMask = 2147483647;
			files = (
			);
			runOnlyForDeploymentPostprocessing = 0;
		};
/* End PBXSourcesBuildPhase section */

/* Begin PBXTargetDependency section */
		1E00C3472EE633D2008542E9 /* PBXTargetDependency */ = {
			isa = PBXTargetDependency;
			target = 1E00C3362EE633D0008542E9 /* Clip Paste */;
			targetProxy = 1E00C3462EE633D2008542E9 /* PBXContainerItemProxy */;
		};
		1E00C3512EE633D2008542E9 /* PBXTargetDependency */ = {
			isa = PBXTargetDependency;
			target = 1E00C3362EE633D0008542E9 /* Clip Paste */;
			targetProxy = 1E00C3502EE633D2008542E9 /* PBXContainerItemProxy */;
		};
/* End PBXTargetDependency section */

/* Begin XCBuildConfiguration section */
		1E00C3572EE633D2008542E9 /* Debug */ = {
			isa = XCBuildConfiguration;
			buildSettings = {
				ALWAYS_SEARCH_USER_PATHS = NO;
				ASSETCATALOG_COMPILER_GENERATE_SWIFT_ASSET_SYMBOL_EXTENSIONS = YES;
				CLANG_ANALYZER_NONNULL = YES;
				CLANG_ANALYZER_NUMBER_OBJECT_CONVERSION = YES_AGGRESSIVE;
				CLANG_CXX_LANGUAGE_STANDARD = "gnu++20";
				CLANG_ENABLE_MODULES = YES;
				CLANG_ENABLE_OBJC_ARC = YES;
				CLANG_ENABLE_OBJC_WEAK = YES;
				CLANG_WARN_BLOCK_CAPTURE_AUTORELEASING = YES;
				CLANG_WARN_BOOL_CONVERSION = YES;
				CLANG_WARN_COMMA = YES;
				CLANG_WARN_CONSTANT_CONVERSION = YES;
				CLANG_WARN_DEPRECATED_OBJC_IMPLEMENTATIONS = YES;
				CLANG_WARN_DIRECT_OBJC_ISA_USAGE = YES_ERROR;
				CLANG_WARN_DOCUMENTATION_COMMENTS = YES;
				CLANG_WARN_EMPTY_BODY = YES;
				CLANG_WARN_ENUM_CONVERSION = YES;
				CLANG_WARN_INFINITE_RECURSION = YES;
				CLANG_WARN_INT_CONVERSION = YES;
				CLANG_WARN_NON_LITERAL_NULL_CONVERSION = YES;
				CLANG_WARN_OBJC_IMPLICIT_RETAIN_SELF = YES;
				CLANG_WARN_OBJC_LITERAL_CONVERSION = YES;
				CLANG_WARN_OBJC_ROOT_CLASS = YES_ERROR;
				CLANG_WARN_QUOTED_INCLUDE_IN_FRAMEWORK_HEADER = YES;
				CLANG_WARN_RANGE_LOOP_ANALYSIS = YES;
				CLANG_WARN_STRICT_PROTOTYPES = YES;
				CLANG_WARN_SUSPICIOUS_MOVE = YES;
				CLANG_WARN_UNGUARDED_AVAILABILITY = YES_AGGRESSIVE;
				CLANG_WARN_UNREACHABLE_CODE = YES;
				CLANG_WARN__DUPLICATE_METHOD_MATCH = YES;
				COPY_PHASE_STRIP = NO;
				DEBUG_INFORMATION_FORMAT = dwarf;
				DEVELOPMENT_TEAM = 6C2PG6C5FF;
				ENABLE_STRICT_OBJC_MSGSEND = YES;
				ENABLE_TESTABILITY = YES;
				ENABLE_USER_SCRIPT_SANDBOXING = YES;
				GCC_C_LANGUAGE_STANDARD = gnu17;
				GCC_DYNAMIC_NO_PIC = NO;
				GCC_NO_COMMON_BLOCKS = YES;
				GCC_OPTIMIZATION_LEVEL = 0;
				GCC_PREPROCESSOR_DEFINITIONS = (
					"DEBUG=1",
					"$(inherited)",
				);
				GCC_WARN_64_TO_32_BIT_CONVERSION = YES;
				GCC_WARN_ABOUT_RETURN_TYPE = YES_ERROR;
				GCC_WARN_UNDECLARED_SELECTOR = YES;
				GCC_WARN_UNINITIALIZED_AUTOS = YES_AGGRESSIVE;
				GCC_WARN_UNUSED_FUNCTION = YES;
				GCC_WARN_UNUSED_VARIABLE = YES;
				LOCALIZATION_PREFERS_STRING_CATALOGS = YES;
				MACOSX_DEPLOYMENT_TARGET = 15.5;
				MTL_ENABLE_DEBUG_INFO = INCLUDE_SOURCE;
				MTL_FAST_MATH = YES;
				ONLY_ACTIVE_ARCH = YES;
				SDKROOT = macosx;
				SWIFT_ACTIVE_COMPILATION_CONDITIONS = "DEBUG $(inherited)";
				SWIFT_OPTIMIZATION_LEVEL = "-Onone";
			};
			name = Debug;
		};
		1E00C3582EE633D2008542E9 /* Release */ = {
			isa = XCBuildConfiguration;
			buildSettings = {
				ALWAYS_SEARCH_USER_PATHS = NO;
				ASSETCATALOG_COMPILER_GENERATE_SWIFT_ASSET_SYMBOL_EXTENSIONS = YES;
				CLANG_ANALYZER_NONNULL = YES;
				CLANG_ANALYZER_NUMBER_OBJECT_CONVERSION = YES_AGGRESSIVE;
				CLANG_CXX_LANGUAGE_STANDARD = "gnu++20";
				CLANG_ENABLE_MODULES = YES;
				CLANG_ENABLE_OBJC_ARC = YES;
				CLANG_ENABLE_OBJC_WEAK = YES;
				CLANG_WARN_BLOCK_CAPTURE_AUTORELEASING = YES;
				CLANG_WARN_BOOL_CONVERSION = YES;
				CLANG_WARN_COMMA = YES;
				CLANG_WARN_CONSTANT_CONVERSION = YES;
				CLANG_WARN_DEPRECATED_OBJC_IMPLEMENTATIONS = YES;
				CLANG_WARN_DIRECT_OBJC_ISA_USAGE = YES_ERROR;
				CLANG_WARN_DOCUMENTATION_COMMENTS = YES;
				CLANG_WARN_EMPTY_BODY = YES;
				CLANG_WARN_ENUM_CONVERSION = YES;
				CLANG_WARN_INFINITE_RECURSION = YES;
				CLANG_WARN_INT_CONVERSION = YES;
				CLANG_WARN_NON_LITERAL_NULL_CONVERSION = YES;
				CLANG_WARN_OBJC_IMPLICIT_RETAIN_SELF = YES;
				CLANG_WARN_OBJC_LITERAL_CONVERSION = YES;
				CLANG_WARN_OBJC_ROOT_CLASS = YES_ERROR;
				CLANG_WARN_QUOTED_INCLUDE_IN_FRAMEWORK_HEADER = YES;
				CLANG_WARN_RANGE_LOOP_ANALYSIS = YES;
				CLANG_WARN_STRICT_PROTOTYPES = YES;
				CLANG_WARN_SUSPICIOUS_MOVE = YES;
				CLANG_WARN_UNGUARDED_AVAILABILITY = YES_AGGRESSIVE;
				CLANG_WARN_UNREACHABLE_CODE = YES;
				CLANG_WARN__DUPLICATE_METHOD_MATCH = YES;
				COPY_PHASE_STRIP = NO;
				DEBUG_INFORMATION_FORMAT = "dwarf-with-dsym";
				DEVELOPMENT_TEAM = 6C2PG6C5FF;
				ENABLE_NS_ASSERTIONS = NO;
				ENABLE_STRICT_OBJC_MSGSEND = YES;
				ENABLE_USER_SCRIPT_SANDBOXING = YES;
				GCC_C_LANGUAGE_STANDARD = gnu17;
				GCC_NO_COMMON_BLOCKS = YES;
				GCC_WARN_64_TO_32_BIT_CONVERSION = YES;
				GCC_WARN_ABOUT_RETURN_TYPE = YES_ERROR;
				GCC_WARN_UNDECLARED_SELECTOR = YES;
				GCC_WARN_UNINITIALIZED_AUTOS = YES_AGGRESSIVE;
				GCC_WARN_UNUSED_FUNCTION = YES;
				GCC_WARN_UNUSED_VARIABLE = YES;
				LOCALIZATION_PREFERS_STRING_CATALOGS = YES;
				MACOSX_DEPLOYMENT_TARGET = 15.5;
				MTL_ENABLE_DEBUG_INFO = NO;
				MTL_FAST_MATH = YES;
				SDKROOT = macosx;
				SWIFT_COMPILATION_MODE = wholemodule;
			};
			name = Release;
		};
		1E00C35A2EE633D2008542E9 /* Debug */ = {
			isa = XCBuildConfiguration;
			buildSettings = {
				ASSETCATALOG_COMPILER_APPICON_NAME = AppIcon;
				ASSETCATALOG_COMPILER_GLOBAL_ACCENT_COLOR_NAME = AccentColor;
				ASSETCATALOG_COMPILER_INCLUDE_ALL_APPICON_ASSETS = YES;
				CODE_SIGN_ENTITLEMENTS = "Clip Paste/Clip_Paste.entitlements";
				"CODE_SIGN_IDENTITY[sdk=macosx*]" = "Apple Development";
				CODE_SIGN_STYLE = Automatic;
				COMBINE_HIDPI_IMAGES = YES;
				CURRENT_PROJECT_VERSION = 1;
				DEVELOPMENT_TEAM = 6C2PG6C5FF;
				ENABLE_HARDENED_RUNTIME = YES;
				ENABLE_PREVIEWS = YES;
				GENERATE_INFOPLIST_FILE = NO;
				INFOPLIST_FILE = "Clip Paste/Clip-Paste-Info.plist";
				INFOPLIST_KEY_CFBundleDisplayName = "Clip Paste";
				INFOPLIST_KEY_LSApplicationCategoryType = "public.app-category.utilities";
				INFOPLIST_KEY_NSAppleEventsUsageDescription = "Clip Paste needs to control Finder to save files in the current folder.";
				INFOPLIST_KEY_NSHumanReadableCopyright = "";
				LD_RUNPATH_SEARCH_PATHS = (
					"$(inherited)",
					"@executable_path/../Frameworks",
				);
				MACOSX_DEPLOYMENT_TARGET = 14.6;
				MARKETING_VERSION = 1.0;
				PRODUCT_BUNDLE_IDENTIFIER = "com.ellandeved.Clip-Paste";
				PRODUCT_NAME = "$(TARGET_NAME)";
				REGISTER_APP_GROUPS = YES;
				SWIFT_EMIT_LOC_STRINGS = YES;
				SWIFT_VERSION = 5.0;
			};
			name = Debug;
		};
		1E00C35B2EE633D2008542E9 /* Release */ = {
			isa = XCBuildConfiguration;
			buildSettings = {
				ASSETCATALOG_COMPILER_APPICON_NAME = AppIcon;
				ASSETCATALOG_COMPILER_GLOBAL_ACCENT_COLOR_NAME = AccentColor;
				ASSETCATALOG_COMPILER_INCLUDE_ALL_APPICON_ASSETS = YES;
				CODE_SIGN_ENTITLEMENTS = "Clip Paste/Clip_Paste.entitlements";
				"CODE_SIGN_IDENTITY[sdk=macosx*]" = "Apple Development";
				CODE_SIGN_STYLE = Automatic;
				COMBINE_HIDPI_IMAGES = YES;
				CURRENT_PROJECT_VERSION = 1;
				DEVELOPMENT_TEAM = 6C2PG6C5FF;
				ENABLE_HARDENED_RUNTIME = YES;
				ENABLE_PREVIEWS = YES;
				GENERATE_INFOPLIST_FILE = NO;
				INFOPLIST_FILE = "Clip Paste/Clip-Paste-Info.plist";
				INFOPLIST_KEY_CFBundleDisplayName = "Clip Paste";
				INFOPLIST_KEY_LSApplicationCategoryType = "public.app-category.utilities";
				INFOPLIST_KEY_NSAppleEventsUsageDescription = "Clip Paste needs to control Finder to save files in the current folder.";
				INFOPLIST_KEY_NSHumanReadableCopyright = "";
				LD_RUNPATH_SEARCH_PATHS = (
					"$(inherited)",
					"@executable_path/../Frameworks",
				);
				MACOSX_DEPLOYMENT_TARGET = 14.6;
				MARKETING_VERSION = 1.0;
				PRODUCT_BUNDLE_IDENTIFIER = "com.ellandeved.Clip-Paste";
				PRODUCT_NAME = "$(TARGET_NAME)";
				REGISTER_APP_GROUPS = YES;
				SWIFT_EMIT_LOC_STRINGS = YES;
				SWIFT_VERSION = 5.0;
			};
			name = Release;
		};
		1E00C35D2EE633D2008542E9 /* Debug */ = {
			isa = XCBuildConfiguration;
			buildSettings = {
				BUNDLE_LOADER = "$(TEST_HOST)";
				CODE_SIGN_STYLE = Automatic;
				CURRENT_PROJECT_VERSION = 1;
				DEVELOPMENT_TEAM = 6C2PG6C5FF;
				GENERATE_INFOPLIST_FILE = YES;
				MACOSX_DEPLOYMENT_TARGET = 15.5;
				MARKETING_VERSION = 1.0;
				PRODUCT_BUNDLE_IDENTIFIER = "com.ellandeved.Clip-PasteTests";
				PRODUCT_NAME = "$(TARGET_NAME)";
				SWIFT_EMIT_LOC_STRINGS = NO;
				SWIFT_VERSION = 5.0;
				TEST_HOST = "$(BUILT_PRODUCTS_DIR)/Clip Paste.app/$(BUNDLE_EXECUTABLE_FOLDER_PATH)/Clip Paste";
			};
			name = Debug;
		};
		1E00C35E2EE633D2008542E9 /* Release */ = {
			isa = XCBuildConfiguration;
			buildSettings = {
				BUNDLE_LOADER = "$(TEST_HOST)";
				CODE_SIGN_STYLE = Automatic;
				CURRENT_PROJECT_VERSION = 1;
				DEVELOPMENT_TEAM = 6C2PG6C5FF;
				GENERATE_INFOPLIST_FILE = YES;
				MACOSX_DEPLOYMENT_TARGET = 15.5;
				MARKETING_VERSION = 1.0;
				PRODUCT_BUNDLE_IDENTIFIER = "com.ellandeved.Clip-PasteTests";
				PRODUCT_NAME = "$(TARGET_NAME)";
				SWIFT_EMIT_LOC_STRINGS = NO;
				SWIFT_VERSION = 5.0;
				TEST_HOST = "$(BUILT_PRODUCTS_DIR)/Clip Paste.app/$(BUNDLE_EXECUTABLE_FOLDER_PATH)/Clip Paste";
			};
			name = Release;
		};
		1E00C3602EE633D2008542E9 /* Debug */ = {
			isa = XCBuildConfiguration;
			buildSettings = {
				CODE_SIGN_STYLE = Automatic;
				CURRENT_PROJECT_VERSION = 1;
				DEVELOPMENT_TEAM = 6C2PG6C5FF;
				GENERATE_INFOPLIST_FILE = YES;
				MARKETING_VERSION = 1.0;
				PRODUCT_BUNDLE_IDENTIFIER = "com.ellandeved.Clip-PasteUITests";
				PRODUCT_NAME = "$(TARGET_NAME)";
				SWIFT_EMIT_LOC_STRINGS = NO;
				SWIFT_VERSION = 5.0;
				TEST_TARGET_NAME = "Clip Paste";
			};
			name = Debug;
		};
		1E00C3612EE633D2008542E9 /* Release */ = {
			isa = XCBuildConfiguration;
			buildSettings = {
				CODE_SIGN_STYLE = Automatic;
				CURRENT_PROJECT_VERSION = 1;
				DEVELOPMENT_TEAM = 6C2PG6C5FF;
				GENERATE_INFOPLIST_FILE = YES;
				MARKETING_VERSION = 1.0;
				PRODUCT_BUNDLE_IDENTIFIER = "com.ellandeved.Clip-PasteUITests";
				PRODUCT_NAME = "$(TARGET_NAME)";
				SWIFT_EMIT_LOC_STRINGS = NO;
				SWIFT_VERSION = 5.0;
				TEST_TARGET_NAME = "Clip Paste";
			};
			name = Release;
		};
/* End XCBuildConfiguration section */

/* Begin XCConfigurationList section */
		1E00C3322EE633D0008542E9 /* Build configuration list for PBXProject "Clip Paste" */ = {
			isa = XCConfigurationList;
			buildConfigurations = (
				1E00C3572EE633D2008542E9 /* Debug */,
				1E00C3582EE633D2008542E9 /* Release */,
			);
			defaultConfigurationIsVisible = 0;
			defaultConfigurationName = Release;
		};
		1E00C3592EE633D2008542E9 /* Build configuration list for PBXNativeTarget "Clip Paste" */ = {
			isa = XCConfigurationList;
			buildConfigurations = (
				1E00C35A2EE633D2008542E9 /* Debug */,
				1E00C35B2EE633D2008542E9 /* Release */,
			);
			defaultConfigurationIsVisible = 0;
			defaultConfigurationName = Release;
		};
		1E00C35C2EE633D2008542E9 /* Build configuration list for PBXNativeTarget "Clip PasteTests" */ = {
			isa = XCConfigurationList;
			buildConfigurations = (
				1E00C35D2EE633D2008542E9 /* Debug */,
				1E00C35E2EE633D2008542E9 /* Release */,
			);
			defaultConfigurationIsVisible = 0;
			defaultConfigurationName = Release;
		};
		1E00C35F2EE633D2008542E9 /* Build configuration list for PBXNativeTarget "Clip PasteUITests" */ = {
			isa = XCConfigurationList;
			buildConfigurations = (
				1E00C3602EE633D2008542E9 /* Debug */,
				1E00C3612EE633D2008542E9 /* Release */,
			);
			defaultConfigurationIsVisible = 0;
			defaultConfigurationName = Release;
		};
/* End XCConfigurationList section */

/* Begin XCRemoteSwiftPackageReference section */
		1E00C3782EE63771008542E9 /* XCRemoteSwiftPackageReference "KeyboardShortcuts" */ = {
			isa = XCRemoteSwiftPackageReference;
			repositoryURL = "https://github.com/sindresorhus/KeyboardShortcuts";
			requirement = {
				kind = upToNextMajorVersion;
				minimumVersion = 2.4.0;
			};
		};
		1E00C37B2EE6379E008542E9 /* XCRemoteSwiftPackageReference "LaunchAtLogin" */ = {
			isa = XCRemoteSwiftPackageReference;
			repositoryURL = "https://github.com/sindresorhus/LaunchAtLogin";
			requirement = {
				branch = main;
				kind = branch;
			};
		};
		1E00C3802EE658A4008542E9 /* XCRemoteSwiftPackageReference "DockProgress" */ = {
			isa = XCRemoteSwiftPackageReference;
			repositoryURL = "https://github.com/sindresorhus/DockProgress";
			requirement = {
				kind = upToNextMajorVersion;
				minimumVersion = 5.0.2;
			};
		};
/* End XCRemoteSwiftPackageReference section */

/* Begin XCSwiftPackageProductDependency section */
		1E00C3792EE63771008542E9 /* KeyboardShortcuts */ = {
			isa = XCSwiftPackageProductDependency;
			package = 1E00C3782EE63771008542E9 /* XCRemoteSwiftPackageReference "KeyboardShortcuts" */;
			productName = KeyboardShortcuts;
		};
		1E00C37C2EE6379E008542E9 /* LaunchAtLogin */ = {
			isa = XCSwiftPackageProductDependency;
			package = 1E00C37B2EE6379E008542E9 /* XCRemoteSwiftPackageReference "LaunchAtLogin" */;
			productName = LaunchAtLogin;
		};
		1E00C3812EE658A4008542E9 /* DockProgress */ = {
			isa = XCSwiftPackageProductDependency;
			package = 1E00C3802EE658A4008542E9 /* XCRemoteSwiftPackageReference "DockProgress" */;
			productName = DockProgress;
		};
/* End XCSwiftPackageProductDependency section */
	};
	rootObject = 1E00C32F2EE633D0008542E9 /* Project object */;
}
